
Microsoft Visual Studio Solution File, Format Version 12.00
# Visual Studio Version 17
VisualStudioVersion = 17.5.33627.172
MinimumVisualStudioVersion = 10.0.40219.1
Project("{FAE04EC0-301F-11D3-BF4B-00C04F79EFBC}") = "ExtentionMethods1", "ExtentionMethods1\ExtentionMethods1.csproj", "{8383A74F-6D9B-4CF3-92C2-2D9235B42230}"
EndProject
Global
	GlobalSection(SolutionConfigurationPlatforms) = preSolution
		Debug|Any CPU = Debug|Any CPU
		Release|Any CPU = Release|Any CPU
	EndGlobalSection
	GlobalSection(ProjectConfigurationPlatforms) = postSolution
		{8383A74F-6D9B-4CF3-92C2-2D9235B42230}.Debug|Any CPU.ActiveCfg = Debug|Any CPU
		{8383A74F-6D9B-4CF3-92C2-2D9235B42230}.Debug|Any CPU.Build.0 = Debug|Any CPU
		{8383A74F-6D9B-4CF3-92C2-2D9235B42230}.Release|Any CPU.ActiveCfg = Release|Any CPU
		{8383A74F-6D9B-4CF3-92C2-2D9235B42230}.Release|Any CPU.Build.0 = Release|Any CPU
	EndGlobalSection
	GlobalSection(SolutionProperties) = preSolution
		HideSolutionNode = FALSE
	EndGlobalSection
	GlobalSection(ExtensibilityGlobals) = postSolution
		SolutionGuid = {D8B49B71-DE26-498D-903F-435D5AA368EF}
	EndGlobalSection
EndGlobal
